
Microsoft Visual Studio Solution File, Format Version 12.00
# Visual Studio Version 16
VisualStudioVersion = 16.0.29806.167
MinimumVisualStudioVersion = 10.0.40219.1
Project("{FAE04EC0-301F-11D3-BF4B-00C04F79EFBC}") = "ArrayTasksApp1-6", "ArrayTasksApp1-6\ArrayTasksApp1-6.csproj", "{54CC6BEB-0529-4E62-A8A2-83D9921E94F5}"
EndProject
Global
	GlobalSection(SolutionConfigurationPlatforms) = preSolution
		Debug|Any CPU = Debug|Any CPU
		Release|Any CPU = Release|Any CPU
	EndGlobalSection
	GlobalSection(ProjectConfigurationPlatforms) = postSolution
		{54CC6BEB-0529-4E62-A8A2-83D9921E94F5}.Debug|Any CPU.ActiveCfg = Debug|Any CPU
		{54CC6BEB-0529-4E62-A8A2-83D9921E94F5}.Debug|Any CPU.Build.0 = Debug|Any CPU
		{54CC6BEB-0529-4E62-A8A2-83D9921E94F5}.Release|Any CPU.ActiveCfg = Release|Any CPU
		{54CC6BEB-0529-4E62-A8A2-83D9921E94F5}.Release|Any CPU.Build.0 = Release|Any CPU
	EndGlobalSection
	GlobalSection(SolutionProperties) = preSolution
		HideSolutionNode = FALSE
	EndGlobalSection
	GlobalSection(ExtensibilityGlobals) = postSolution
		SolutionGuid = {9638646D-F2AD-4620-949B-53B2D2E32576}
	EndGlobalSection
EndGlobal
